
Microsoft Visual Studio Solution File, Format Version 12.00
# Visual Studio Version 16
VisualStudioVersion = 16.0.31410.357
MinimumVisualStudioVersion = 10.0.40219.1
Project("{9A19103F-16F7-4668-BE54-9A1E7A4F7556}") = "DiscordBotTemplate", "DiscordBotTemplate\DiscordBotTemplate.csproj", "{37AFDFD8-9C2E-4D55-97FB-3B1D2A264F03}"
EndProject
Project("{FAE04EC0-301F-11D3-BF4B-00C04F79EFBC}") = "DiscordBotLibrary", "DiscordBotLibrary\DiscordBotLibrary.csproj", "{C94614F0-1D1C-4600-B388-9939390E6E18}"
EndProject
Global
	GlobalSection(SolutionConfigurationPlatforms) = preSolution
		Debug|Any CPU = Debug|Any CPU
		Release|Any CPU = Release|Any CPU
	EndGlobalSection
	GlobalSection(ProjectConfigurationPlatforms) = postSolution
		{37AFDFD8-9C2E-4D55-97FB-3B1D2A264F03}.Debug|Any CPU.ActiveCfg = Debug|Any CPU
		{37AFDFD8-9C2E-4D55-97FB-3B1D2A264F03}.Debug|Any CPU.Build.0 = Debug|Any CPU
		{37AFDFD8-9C2E-4D55-97FB-3B1D2A264F03}.Release|Any CPU.ActiveCfg = Release|Any CPU
		{37AFDFD8-9C2E-4D55-97FB-3B1D2A264F03}.Release|Any CPU.Build.0 = Release|Any CPU
		{C94614F0-1D1C-4600-B388-9939390E6E18}.Debug|Any CPU.ActiveCfg = Debug|Any CPU
		{C94614F0-1D1C-4600-B388-9939390E6E18}.Debug|Any CPU.Build.0 = Debug|Any CPU
		{C94614F0-1D1C-4600-B388-9939390E6E18}.Release|Any CPU.ActiveCfg = Release|Any CPU
		{C94614F0-1D1C-4600-B388-9939390E6E18}.Release|Any CPU.Build.0 = Release|Any CPU
	EndGlobalSection
	GlobalSection(SolutionProperties) = preSolution
		HideSolutionNode = FALSE
	EndGlobalSection
	GlobalSection(ExtensibilityGlobals) = postSolution
		SolutionGuid = {503DCD13-745C-4D6D-AA86-1648C0D4A05B}
	EndGlobalSection
EndGlobal
